
Microsoft Visual Studio Solution File, Format Version 12.00
# Visual Studio Version 17
VisualStudioVersion = 17.13.35931.197 d17.13
MinimumVisualStudioVersion = 10.0.40219.1
Project("{FAE04EC0-301F-11D3-BF4B-00C04F79EFBC}") = "SyntaxWinApp01", "SyntaxWinApp01\SyntaxWinApp01.csproj", "{833EFBF1-0140-4098-B194-1560D8C7EE36}"
EndProject
Project("{FAE04EC0-301F-11D3-BF4B-00C04F79EFBC}") = "SyntaxWinApp02", "SyntaxWinApp02\SyntaxWinApp02.csproj", "{5755749B-9CE1-4B20-8CD6-2A8FEBEDF80A}"
EndProject
Project("{FAE04EC0-301F-11D3-BF4B-00C04F79EFBC}") = "SyntaxWinApp03", "SyntaxWinApp03\SyntaxWinApp03.csproj", "{014977DE-B550-4870-808E-3BA89EFFDAC3}"
EndProject
Global
	GlobalSection(SolutionConfigurationPlatforms) = preSolution
		Debug|Any CPU = Debug|Any CPU
		Release|Any CPU = Release|Any CPU
	EndGlobalSection
	GlobalSection(ProjectConfigurationPlatforms) = postSolution
		{833EFBF1-0140-4098-B194-1560D8C7EE36}.Debug|Any CPU.ActiveCfg = Debug|Any CPU
		{833EFBF1-0140-4098-B194-1560D8C7EE36}.Debug|Any CPU.Build.0 = Debug|Any CPU
		{833EFBF1-0140-4098-B194-1560D8C7EE36}.Release|Any CPU.ActiveCfg = Release|Any CPU
		{833EFBF1-0140-4098-B194-1560D8C7EE36}.Release|Any CPU.Build.0 = Release|Any CPU
		{5755749B-9CE1-4B20-8CD6-2A8FEBEDF80A}.Debug|Any CPU.ActiveCfg = Debug|Any CPU
		{5755749B-9CE1-4B20-8CD6-2A8FEBEDF80A}.Debug|Any CPU.Build.0 = Debug|Any CPU
		{5755749B-9CE1-4B20-8CD6-2A8FEBEDF80A}.Release|Any CPU.ActiveCfg = Release|Any CPU
		{5755749B-9CE1-4B20-8CD6-2A8FEBEDF80A}.Release|Any CPU.Build.0 = Release|Any CPU
		{014977DE-B550-4870-808E-3BA89EFFDAC3}.Debug|Any CPU.ActiveCfg = Debug|Any CPU
		{014977DE-B550-4870-808E-3BA89EFFDAC3}.Debug|Any CPU.Build.0 = Debug|Any CPU
		{014977DE-B550-4870-808E-3BA89EFFDAC3}.Release|Any CPU.ActiveCfg = Release|Any CPU
		{014977DE-B550-4870-808E-3BA89EFFDAC3}.Release|Any CPU.Build.0 = Release|Any CPU
	EndGlobalSection
	GlobalSection(SolutionProperties) = preSolution
		HideSolutionNode = FALSE
	EndGlobalSection
	GlobalSection(ExtensibilityGlobals) = postSolution
		SolutionGuid = {447C52C9-083D-4C44-A640-C0F692A01F8A}
	EndGlobalSection
EndGlobal
